
Microsoft Visual Studio Solution File, Format Version 11.00
# Visual Studio 2010
Project("{FAE04EC0-301F-11D3-BF4B-00C04F79EFBC}") = "Teleportation Comparison Fix", "Assembly-CSharp.csproj", "{D460142E-FCAA-5E3E-40A4-99F69DFC5E1E}"
EndProject
Project("{FAE04EC0-301F-11D3-BF4B-00C04F79EFBC}") = "Teleportation Comparison Fix", "Assembly-CSharp-Editor.csproj", "{16ED1875-98E1-B15E-B50A-59216983CBD7}"
EndProject
Global
	GlobalSection(SolutionConfigurationPlatforms) = preSolution
		Debug|Any CPU = Debug|Any CPU
		Release|Any CPU = Release|Any CPU
	EndGlobalSection
	GlobalSection(ProjectConfigurationPlatforms) = postSolution
		{D460142E-FCAA-5E3E-40A4-99F69DFC5E1E}.Debug|Any CPU.ActiveCfg = Debug|Any CPU
		{D460142E-FCAA-5E3E-40A4-99F69DFC5E1E}.Debug|Any CPU.Build.0 = Debug|Any CPU
		{D460142E-FCAA-5E3E-40A4-99F69DFC5E1E}.Release|Any CPU.ActiveCfg = Release|Any CPU
		{D460142E-FCAA-5E3E-40A4-99F69DFC5E1E}.Release|Any CPU.Build.0 = Release|Any CPU
		{16ED1875-98E1-B15E-B50A-59216983CBD7}.Debug|Any CPU.ActiveCfg = Debug|Any CPU
		{16ED1875-98E1-B15E-B50A-59216983CBD7}.Debug|Any CPU.Build.0 = Debug|Any CPU
		{16ED1875-98E1-B15E-B50A-59216983CBD7}.Release|Any CPU.ActiveCfg = Release|Any CPU
		{16ED1875-98E1-B15E-B50A-59216983CBD7}.Release|Any CPU.Build.0 = Release|Any CPU
	EndGlobalSection
	GlobalSection(SolutionProperties) = preSolution
		HideSolutionNode = FALSE
	EndGlobalSection
	GlobalSection(MonoDevelopProperties) = preSolution
		StartupItem = Assembly-CSharp.csproj
	EndGlobalSection
EndGlobal
